
Microsoft Visual Studio Solution File, Format Version 12.00
# Visual Studio Version 16
VisualStudioVersion = 16.0.29709.97
MinimumVisualStudioVersion = 10.0.40219.1
Project("{FAE04EC0-301F-11D3-BF4B-00C04F79EFBC}") = "WebCoreNet6", "WebCoreNet6\WebCoreNet6.csproj", "{76402C26-A0C8-48B9-9968-16CB8038BD4B}"
EndProject
Global
	GlobalSection(SolutionConfigurationPlatforms) = preSolution
		Debug|Any CPU = Debug|Any CPU
		Release|Any CPU = Release|Any CPU
	EndGlobalSection
	GlobalSection(ProjectConfigurationPlatforms) = postSolution
		{76402C26-A0C8-48B9-9968-16CB8038BD4B}.Debug|Any CPU.ActiveCfg = Debug|Any CPU
		{76402C26-A0C8-48B9-9968-16CB8038BD4B}.Debug|Any CPU.Build.0 = Debug|Any CPU
		{76402C26-A0C8-48B9-9968-16CB8038BD4B}.Release|Any CPU.ActiveCfg = Release|Any CPU
		{76402C26-A0C8-48B9-9968-16CB8038BD4B}.Release|Any CPU.Build.0 = Release|Any CPU
	EndGlobalSection
	GlobalSection(SolutionProperties) = preSolution
		HideSolutionNode = FALSE
	EndGlobalSection
	GlobalSection(ExtensibilityGlobals) = postSolution
		SolutionGuid = {6CF99913-7FAB-428E-AD2F-A0AD577163A5}
	EndGlobalSection
EndGlobal
